
Microsoft Visual Studio Solution File, Format Version 12.00
# Visual Studio Version 17
VisualStudioVersion = 17.14.36203.30 d17.14
MinimumVisualStudioVersion = 10.0.40219.1
Project("{FAE04EC0-301F-11D3-BF4B-00C04F79EFBC}") = "MvcMovie", "MvcMovie\MvcMovie.csproj", "{62062F1E-D909-4F2E-80BB-35C933E2447A}"
EndProject
Global
	GlobalSection(SolutionConfigurationPlatforms) = preSolution
		Debug|Any CPU = Debug|Any CPU
		Release|Any CPU = Release|Any CPU
	EndGlobalSection
	GlobalSection(ProjectConfigurationPlatforms) = postSolution
		{62062F1E-D909-4F2E-80BB-35C933E2447A}.Debug|Any CPU.ActiveCfg = Debug|Any CPU
		{62062F1E-D909-4F2E-80BB-35C933E2447A}.Debug|Any CPU.Build.0 = Debug|Any CPU
		{62062F1E-D909-4F2E-80BB-35C933E2447A}.Release|Any CPU.ActiveCfg = Release|Any CPU
		{62062F1E-D909-4F2E-80BB-35C933E2447A}.Release|Any CPU.Build.0 = Release|Any CPU
	EndGlobalSection
	GlobalSection(SolutionProperties) = preSolution
		HideSolutionNode = FALSE
	EndGlobalSection
	GlobalSection(ExtensibilityGlobals) = postSolution
		SolutionGuid = {1523CDA3-46CB-4A01-8636-E78F0B6B585E}
	EndGlobalSection
EndGlobal
